
Microsoft Visual Studio Solution File, Format Version 12.00
# Visual Studio 15
VisualStudioVersion = 15.0.26730.16
MinimumVisualStudioVersion = 10.0.40219.1
Project("{FAE04EC0-301F-11D3-BF4B-00C04F79EFBC}") = "AvoidATicketAPI", "AvoidATicketAPI\AvoidATicketAPI.csproj", "{6103D221-184F-4C38-9D97-B8F8D13DB4B4}"
EndProject
Project("{FAE04EC0-301F-11D3-BF4B-00C04F79EFBC}") = "Database", "Database\Database.csproj", "{37E6D961-25FD-492A-85D4-C82AC860A874}"
EndProject
Global
	GlobalSection(SolutionConfigurationPlatforms) = preSolution
		Debug|Any CPU = Debug|Any CPU
		Release|Any CPU = Release|Any CPU
	EndGlobalSection
	GlobalSection(ProjectConfigurationPlatforms) = postSolution
		{6103D221-184F-4C38-9D97-B8F8D13DB4B4}.Debug|Any CPU.ActiveCfg = Debug|Any CPU
		{6103D221-184F-4C38-9D97-B8F8D13DB4B4}.Debug|Any CPU.Build.0 = Debug|Any CPU
		{6103D221-184F-4C38-9D97-B8F8D13DB4B4}.Release|Any CPU.ActiveCfg = Release|Any CPU
		{6103D221-184F-4C38-9D97-B8F8D13DB4B4}.Release|Any CPU.Build.0 = Release|Any CPU
		{37E6D961-25FD-492A-85D4-C82AC860A874}.Debug|Any CPU.ActiveCfg = Debug|Any CPU
		{37E6D961-25FD-492A-85D4-C82AC860A874}.Debug|Any CPU.Build.0 = Debug|Any CPU
		{37E6D961-25FD-492A-85D4-C82AC860A874}.Release|Any CPU.ActiveCfg = Release|Any CPU
		{37E6D961-25FD-492A-85D4-C82AC860A874}.Release|Any CPU.Build.0 = Release|Any CPU
	EndGlobalSection
	GlobalSection(SolutionProperties) = preSolution
		HideSolutionNode = FALSE
	EndGlobalSection
	GlobalSection(ExtensibilityGlobals) = postSolution
		SolutionGuid = {BF402969-09B3-4C93-9042-2AFA56E2E183}
	EndGlobalSection
EndGlobal
